
Microsoft Visual Studio Solution File, Format Version 12.00
# Visual Studio Version 17
VisualStudioVersion = 17.4.33110.190
MinimumVisualStudioVersion = 10.0.40219.1
Project("{FAE04EC0-301F-11D3-BF4B-00C04F79EFBC}") = "Douyin_danmu", "Douyin_danmu.csproj", "{3E33894C-A7C4-410F-9E17-00C65A1A5469}"
EndProject
Global
	GlobalSection(SolutionConfigurationPlatforms) = preSolution
		Debug|Any CPU = Debug|Any CPU
		Release|Any CPU = Release|Any CPU
	EndGlobalSection
	GlobalSection(ProjectConfigurationPlatforms) = postSolution
		{3E33894C-A7C4-410F-9E17-00C65A1A5469}.Debug|Any CPU.ActiveCfg = Debug|Any CPU
		{3E33894C-A7C4-410F-9E17-00C65A1A5469}.Debug|Any CPU.Build.0 = Debug|Any CPU
		{3E33894C-A7C4-410F-9E17-00C65A1A5469}.Release|Any CPU.ActiveCfg = Release|Any CPU
		{3E33894C-A7C4-410F-9E17-00C65A1A5469}.Release|Any CPU.Build.0 = Release|Any CPU
	EndGlobalSection
	GlobalSection(SolutionProperties) = preSolution
		HideSolutionNode = FALSE
	EndGlobalSection
	GlobalSection(ExtensibilityGlobals) = postSolution
		SolutionGuid = {9DC17312-FF57-4862-9C2B-B5A3D8AB9C2D}
	EndGlobalSection
EndGlobal
